// !$*UTF8*$!
{
	archiveVersion = 1;
	classes = {
	};
	objectVersion = 50;
	objects = {

/* Begin PBXBuildFile section */
		02E77B11319048988CBE06A9 /* Pods_desafio_ios_fellipe_bravo_desafio_ios_fellipe_bravoUITests.framework in Frameworks */ = {isa = PBXBuildFile; fileRef = 0321B7BD6EC5AE3AE7A7108B /* Pods_desafio_ios_fellipe_bravo_desafio_ios_fellipe_bravoUITests.framework */; };
		0751DD38247DED75006A1018 /* MostExpensiveHqProtocols.swift in Sources */ = {isa = PBXBuildFile; fileRef = 0751DD37247DED75006A1018 /* MostExpensiveHqProtocols.swift */; };
		0751DD3A247DEDB7006A1018 /* MostExpensiveHqFeature.swift in Sources */ = {isa = PBXBuildFile; fileRef = 0751DD39247DEDB7006A1018 /* MostExpensiveHqFeature.swift */; };
		07830BD8247AE7C0002A8FC6 /* AppDelegate.swift in Sources */ = {isa = PBXBuildFile; fileRef = 07830BD7247AE7C0002A8FC6 /* AppDelegate.swift */; };
		07830BDA247AE7C0002A8FC6 /* SceneDelegate.swift in Sources */ = {isa = PBXBuildFile; fileRef = 07830BD9247AE7C0002A8FC6 /* SceneDelegate.swift */; };
		07830BDC247AE7C0002A8FC6 /* HeroesListViewController.swift in Sources */ = {isa = PBXBuildFile; fileRef = 07830BDB247AE7C0002A8FC6 /* HeroesListViewController.swift */; };
		07830BDF247AE7C0002A8FC6 /* HeroesList.storyboard in Resources */ = {isa = PBXBuildFile; fileRef = 07830BDD247AE7C0002A8FC6 /* HeroesList.storyboard */; };
		07830BE2247AE7C0002A8FC6 /* desafio_ios_fellipe_bravo.xcdatamodeld in Sources */ = {isa = PBXBuildFile; fileRef = 07830BE0247AE7C0002A8FC6 /* desafio_ios_fellipe_bravo.xcdatamodeld */; };
		07830BE4247AE7C5002A8FC6 /* Assets.xcassets in Resources */ = {isa = PBXBuildFile; fileRef = 07830BE3247AE7C5002A8FC6 /* Assets.xcassets */; };
		07830BE7247AE7C5002A8FC6 /* LaunchScreen.storyboard in Resources */ = {isa = PBXBuildFile; fileRef = 07830BE5247AE7C5002A8FC6 /* LaunchScreen.storyboard */; };
		07830BF2247AE7C5002A8FC6 /* desafio_ios_fellipe_bravoTests.swift in Sources */ = {isa = PBXBuildFile; fileRef = 07830BF1247AE7C5002A8FC6 /* desafio_ios_fellipe_bravoTests.swift */; };
		07830BFD247AE7C5002A8FC6 /* desafio_ios_fellipe_bravoUITests.swift in Sources */ = {isa = PBXBuildFile; fileRef = 07830BFC247AE7C5002A8FC6 /* desafio_ios_fellipe_bravoUITests.swift */; };
		07830C0C247AFDB4002A8FC6 /* Colors.swift in Sources */ = {isa = PBXBuildFile; fileRef = 07830C0B247AFDB4002A8FC6 /* Colors.swift */; };
		07830C2E247B1121002A8FC6 /* HeroesListInteractor.swift in Sources */ = {isa = PBXBuildFile; fileRef = 07830C2D247B1121002A8FC6 /* HeroesListInteractor.swift */; };
		07830C39247B1264002A8FC6 /* HeroesListPresenter.swift in Sources */ = {isa = PBXBuildFile; fileRef = 07830C38247B1264002A8FC6 /* HeroesListPresenter.swift */; };
		07830C3B247B1297002A8FC6 /* HeroesListRouter.swift in Sources */ = {isa = PBXBuildFile; fileRef = 07830C3A247B1297002A8FC6 /* HeroesListRouter.swift */; };
		07830C3F247B18ED002A8FC6 /* BaseRouter.swift in Sources */ = {isa = PBXBuildFile; fileRef = 07830C3E247B18ED002A8FC6 /* BaseRouter.swift */; };
		07830C55247B1ED4002A8FC6 /* HeroesListLocalDataManager.swift in Sources */ = {isa = PBXBuildFile; fileRef = 07830C54247B1ED4002A8FC6 /* HeroesListLocalDataManager.swift */; };
		07830C57247B1EF3002A8FC6 /* HeroesListRemoteDataManager.swift in Sources */ = {isa = PBXBuildFile; fileRef = 07830C56247B1EF3002A8FC6 /* HeroesListRemoteDataManager.swift */; };
		07830C5B247B213F002A8FC6 /* HeroesListProtocols.swift in Sources */ = {isa = PBXBuildFile; fileRef = 07830C5A247B213F002A8FC6 /* HeroesListProtocols.swift */; };
		07830C5D247B22D8002A8FC6 /* HeroesListFeature.swift in Sources */ = {isa = PBXBuildFile; fileRef = 07830C5C247B22D8002A8FC6 /* HeroesListFeature.swift */; };
		07830C5F247B2488002A8FC6 /* HeroesListRepository.swift in Sources */ = {isa = PBXBuildFile; fileRef = 07830C5E247B2488002A8FC6 /* HeroesListRepository.swift */; };
		07830C77247B32F4002A8FC6 /* BaseViewController.swift in Sources */ = {isa = PBXBuildFile; fileRef = 07830C76247B32F4002A8FC6 /* BaseViewController.swift */; };
		078A41EB247DF00000228AA3 /* MostExpensiveHqRouter.swift in Sources */ = {isa = PBXBuildFile; fileRef = 078A41EA247DF00000228AA3 /* MostExpensiveHqRouter.swift */; };
		078A41ED247DF15E00228AA3 /* MostExpensiveHqPresenter.swift in Sources */ = {isa = PBXBuildFile; fileRef = 078A41EC247DF15E00228AA3 /* MostExpensiveHqPresenter.swift */; };
		078A41F0247DF1BD00228AA3 /* MostExpensiveHqInteractor.swift in Sources */ = {isa = PBXBuildFile; fileRef = 078A41EF247DF1BD00228AA3 /* MostExpensiveHqInteractor.swift */; };
		078A41F2247DF1E400228AA3 /* MostExpensiveHqRepository.swift in Sources */ = {isa = PBXBuildFile; fileRef = 078A41F1247DF1E400228AA3 /* MostExpensiveHqRepository.swift */; };
		078A41F4247DF21B00228AA3 /* MostExpensiveHqRemoteDataManager.swift in Sources */ = {isa = PBXBuildFile; fileRef = 078A41F3247DF21B00228AA3 /* MostExpensiveHqRemoteDataManager.swift */; };
		078A41F6247DF27800228AA3 /* MostExpensiveHqLocalDataManager.swift in Sources */ = {isa = PBXBuildFile; fileRef = 078A41F5247DF27800228AA3 /* MostExpensiveHqLocalDataManager.swift */; };
		078A41F8247DF2BC00228AA3 /* MostExpensiveHqViewController.swift in Sources */ = {isa = PBXBuildFile; fileRef = 078A41F7247DF2BC00228AA3 /* MostExpensiveHqViewController.swift */; };
		078A41FA247DF2DE00228AA3 /* MostExpensiveHq.storyboard in Resources */ = {isa = PBXBuildFile; fileRef = 078A41F9247DF2DE00228AA3 /* MostExpensiveHq.storyboard */; };
		078A41FC247E055100228AA3 /* HeroViewCell.swift in Sources */ = {isa = PBXBuildFile; fileRef = 078A41FB247E055100228AA3 /* HeroViewCell.swift */; };
		078A41FE247E11CB00228AA3 /* MarvelHero.swift in Sources */ = {isa = PBXBuildFile; fileRef = 078A41FD247E11CB00228AA3 /* MarvelHero.swift */; };
		078A4200247E127800228AA3 /* DataClass.swift in Sources */ = {isa = PBXBuildFile; fileRef = 078A41FF247E127800228AA3 /* DataClass.swift */; };
		078A4202247E129100228AA3 /* Result.swift in Sources */ = {isa = PBXBuildFile; fileRef = 078A4201247E129100228AA3 /* Result.swift */; };
		078A4204247E129E00228AA3 /* Comics.swift in Sources */ = {isa = PBXBuildFile; fileRef = 078A4203247E129E00228AA3 /* Comics.swift */; };
		078A4206247E12B100228AA3 /* ComicsItem.swift in Sources */ = {isa = PBXBuildFile; fileRef = 078A4205247E12B100228AA3 /* ComicsItem.swift */; };
		078A4208247E12C900228AA3 /* Stories.swift in Sources */ = {isa = PBXBuildFile; fileRef = 078A4207247E12C900228AA3 /* Stories.swift */; };
		078A420A247E12D700228AA3 /* StoriesItem.swift in Sources */ = {isa = PBXBuildFile; fileRef = 078A4209247E12D700228AA3 /* StoriesItem.swift */; };
		078A420C247E12E100228AA3 /* Thumbnail.swift in Sources */ = {isa = PBXBuildFile; fileRef = 078A420B247E12E100228AA3 /* Thumbnail.swift */; };
		078A420E247E12F000228AA3 /* URLElement.swift in Sources */ = {isa = PBXBuildFile; fileRef = 078A420D247E12F000228AA3 /* URLElement.swift */; };
		6C76828A9CCCB5D329309D01 /* Pods_desafio_ios_fellipe_bravo.framework in Frameworks */ = {isa = PBXBuildFile; fileRef = B5CF837D589D9E568978BD99 /* Pods_desafio_ios_fellipe_bravo.framework */; };
		E33523CAC72878BAE61933E5 /* Pods_desafio_ios_fellipe_bravoTests.framework in Frameworks */ = {isa = PBXBuildFile; fileRef = 0AD4333931350BBEF514A5A8 /* Pods_desafio_ios_fellipe_bravoTests.framework */; };
/* End PBXBuildFile section */

/* Begin PBXContainerItemProxy section */
		07830BEE247AE7C5002A8FC6 /* PBXContainerItemProxy */ = {
			isa = PBXContainerItemProxy;
			containerPortal = 07830BCC247AE7C0002A8FC6 /* Project object */;
			proxyType = 1;
			remoteGlobalIDString = 07830BD3247AE7C0002A8FC6;
			remoteInfo = "desafio-ios-fellipe-bravo";
		};
		07830BF9247AE7C5002A8FC6 /* PBXContainerItemProxy */ = {
			isa = PBXContainerItemProxy;
			containerPortal = 07830BCC247AE7C0002A8FC6 /* Project object */;
			proxyType = 1;
			remoteGlobalIDString = 07830BD3247AE7C0002A8FC6;
			remoteInfo = "desafio-ios-fellipe-bravo";
		};
/* End PBXContainerItemProxy section */

/* Begin PBXFileReference section */
		0321B7BD6EC5AE3AE7A7108B /* Pods_desafio_ios_fellipe_bravo_desafio_ios_fellipe_bravoUITests.framework */ = {isa = PBXFileReference; explicitFileType = wrapper.framework; includeInIndex = 0; path = Pods_desafio_ios_fellipe_bravo_desafio_ios_fellipe_bravoUITests.framework; sourceTree = BUILT_PRODUCTS_DIR; };
		0751DD37247DED75006A1018 /* MostExpensiveHqProtocols.swift */ = {isa = PBXFileReference; lastKnownFileType = sourcecode.swift; path = MostExpensiveHqProtocols.swift; sourceTree = "<group>"; };
		0751DD39247DEDB7006A1018 /* MostExpensiveHqFeature.swift */ = {isa = PBXFileReference; lastKnownFileType = sourcecode.swift; path = MostExpensiveHqFeature.swift; sourceTree = "<group>"; };
		07830BD4247AE7C0002A8FC6 /* desafio-ios-fellipe-bravo.app */ = {isa = PBXFileReference; explicitFileType = wrapper.application; includeInIndex = 0; path = "desafio-ios-fellipe-bravo.app"; sourceTree = BUILT_PRODUCTS_DIR; };
		07830BD7247AE7C0002A8FC6 /* AppDelegate.swift */ = {isa = PBXFileReference; lastKnownFileType = sourcecode.swift; path = AppDelegate.swift; sourceTree = "<group>"; };
		07830BD9247AE7C0002A8FC6 /* SceneDelegate.swift */ = {isa = PBXFileReference; lastKnownFileType = sourcecode.swift; path = SceneDelegate.swift; sourceTree = "<group>"; };
		07830BDB247AE7C0002A8FC6 /* HeroesListViewController.swift */ = {isa = PBXFileReference; lastKnownFileType = sourcecode.swift; path = HeroesListViewController.swift; sourceTree = "<group>"; };
		07830BDE247AE7C0002A8FC6 /* Base */ = {isa = PBXFileReference; lastKnownFileType = file.storyboard; name = Base; path = Base.lproj/HeroesList.storyboard; sourceTree = "<group>"; };
		07830BE1247AE7C0002A8FC6 /* desafio_ios_fellipe_bravo.xcdatamodel */ = {isa = PBXFileReference; lastKnownFileType = wrapper.xcdatamodel; path = desafio_ios_fellipe_bravo.xcdatamodel; sourceTree = "<group>"; };
		07830BE3247AE7C5002A8FC6 /* Assets.xcassets */ = {isa = PBXFileReference; lastKnownFileType = folder.assetcatalog; path = Assets.xcassets; sourceTree = "<group>"; };
		07830BE6247AE7C5002A8FC6 /* Base */ = {isa = PBXFileReference; lastKnownFileType = file.storyboard; name = Base; path = Base.lproj/LaunchScreen.storyboard; sourceTree = "<group>"; };
		07830BE8247AE7C5002A8FC6 /* Info.plist */ = {isa = PBXFileReference; lastKnownFileType = text.plist.xml; path = Info.plist; sourceTree = "<group>"; };
		07830BED247AE7C5002A8FC6 /* desafio-ios-fellipe-bravoTests.xctest */ = {isa = PBXFileReference; explicitFileType = wrapper.cfbundle; includeInIndex = 0; path = "desafio-ios-fellipe-bravoTests.xctest"; sourceTree = BUILT_PRODUCTS_DIR; };
		07830BF1247AE7C5002A8FC6 /* desafio_ios_fellipe_bravoTests.swift */ = {isa = PBXFileReference; lastKnownFileType = sourcecode.swift; path = desafio_ios_fellipe_bravoTests.swift; sourceTree = "<group>"; };
		07830BF3247AE7C5002A8FC6 /* Info.plist */ = {isa = PBXFileReference; lastKnownFileType = text.plist.xml; path = Info.plist; sourceTree = "<group>"; };
		07830BF8247AE7C5002A8FC6 /* desafio-ios-fellipe-bravoUITests.xctest */ = {isa = PBXFileReference; explicitFileType = wrapper.cfbundle; includeInIndex = 0; path = "desafio-ios-fellipe-bravoUITests.xctest"; sourceTree = BUILT_PRODUCTS_DIR; };
		07830BFC247AE7C5002A8FC6 /* desafio_ios_fellipe_bravoUITests.swift */ = {isa = PBXFileReference; lastKnownFileType = sourcecode.swift; path = desafio_ios_fellipe_bravoUITests.swift; sourceTree = "<group>"; };
		07830BFE247AE7C5002A8FC6 /* Info.plist */ = {isa = PBXFileReference; lastKnownFileType = text.plist.xml; path = Info.plist; sourceTree = "<group>"; };
		07830C0B247AFDB4002A8FC6 /* Colors.swift */ = {isa = PBXFileReference; lastKnownFileType = sourcecode.swift; path = Colors.swift; sourceTree = "<group>"; };
		07830C2D247B1121002A8FC6 /* HeroesListInteractor.swift */ = {isa = PBXFileReference; lastKnownFileType = sourcecode.swift; path = HeroesListInteractor.swift; sourceTree = "<group>"; };
		07830C38247B1264002A8FC6 /* HeroesListPresenter.swift */ = {isa = PBXFileReference; lastKnownFileType = sourcecode.swift; path = HeroesListPresenter.swift; sourceTree = "<group>"; };
		07830C3A247B1297002A8FC6 /* HeroesListRouter.swift */ = {isa = PBXFileReference; lastKnownFileType = sourcecode.swift; path = HeroesListRouter.swift; sourceTree = "<group>"; };
		07830C3E247B18ED002A8FC6 /* BaseRouter.swift */ = {isa = PBXFileReference; lastKnownFileType = sourcecode.swift; path = BaseRouter.swift; sourceTree = "<group>"; };
		07830C54247B1ED4002A8FC6 /* HeroesListLocalDataManager.swift */ = {isa = PBXFileReference; lastKnownFileType = sourcecode.swift; path = HeroesListLocalDataManager.swift; sourceTree = "<group>"; };
		07830C56247B1EF3002A8FC6 /* HeroesListRemoteDataManager.swift */ = {isa = PBXFileReference; lastKnownFileType = sourcecode.swift; path = HeroesListRemoteDataManager.swift; sourceTree = "<group>"; };
		07830C5A247B213F002A8FC6 /* HeroesListProtocols.swift */ = {isa = PBXFileReference; lastKnownFileType = sourcecode.swift; path = HeroesListProtocols.swift; sourceTree = "<group>"; };
		07830C5C247B22D8002A8FC6 /* HeroesListFeature.swift */ = {isa = PBXFileReference; lastKnownFileType = sourcecode.swift; path = HeroesListFeature.swift; sourceTree = "<group>"; };
		07830C5E247B2488002A8FC6 /* HeroesListRepository.swift */ = {isa = PBXFileReference; lastKnownFileType = sourcecode.swift; path = HeroesListRepository.swift; sourceTree = "<group>"; };
		07830C76247B32F4002A8FC6 /* BaseViewController.swift */ = {isa = PBXFileReference; lastKnownFileType = sourcecode.swift; path = BaseViewController.swift; sourceTree = "<group>"; };
		078A41EA247DF00000228AA3 /* MostExpensiveHqRouter.swift */ = {isa = PBXFileReference; lastKnownFileType = sourcecode.swift; path = MostExpensiveHqRouter.swift; sourceTree = "<group>"; };
		078A41EC247DF15E00228AA3 /* MostExpensiveHqPresenter.swift */ = {isa = PBXFileReference; lastKnownFileType = sourcecode.swift; path = MostExpensiveHqPresenter.swift; sourceTree = "<group>"; };
		078A41EF247DF1BD00228AA3 /* MostExpensiveHqInteractor.swift */ = {isa = PBXFileReference; lastKnownFileType = sourcecode.swift; path = MostExpensiveHqInteractor.swift; sourceTree = "<group>"; };
		078A41F1247DF1E400228AA3 /* MostExpensiveHqRepository.swift */ = {isa = PBXFileReference; lastKnownFileType = sourcecode.swift; path = MostExpensiveHqRepository.swift; sourceTree = "<group>"; };
		078A41F3247DF21B00228AA3 /* MostExpensiveHqRemoteDataManager.swift */ = {isa = PBXFileReference; lastKnownFileType = sourcecode.swift; path = MostExpensiveHqRemoteDataManager.swift; sourceTree = "<group>"; };
		078A41F5247DF27800228AA3 /* MostExpensiveHqLocalDataManager.swift */ = {isa = PBXFileReference; lastKnownFileType = sourcecode.swift; path = MostExpensiveHqLocalDataManager.swift; sourceTree = "<group>"; };
		078A41F7247DF2BC00228AA3 /* MostExpensiveHqViewController.swift */ = {isa = PBXFileReference; lastKnownFileType = sourcecode.swift; path = MostExpensiveHqViewController.swift; sourceTree = "<group>"; };
		078A41F9247DF2DE00228AA3 /* MostExpensiveHq.storyboard */ = {isa = PBXFileReference; lastKnownFileType = file.storyboard; path = MostExpensiveHq.storyboard; sourceTree = "<group>"; };
		078A41FB247E055100228AA3 /* HeroViewCell.swift */ = {isa = PBXFileReference; lastKnownFileType = sourcecode.swift; path = HeroViewCell.swift; sourceTree = "<group>"; };
		078A41FD247E11CB00228AA3 /* MarvelHero.swift */ = {isa = PBXFileReference; lastKnownFileType = sourcecode.swift; path = MarvelHero.swift; sourceTree = "<group>"; };
		078A41FF247E127800228AA3 /* DataClass.swift */ = {isa = PBXFileReference; lastKnownFileType = sourcecode.swift; path = DataClass.swift; sourceTree = "<group>"; };
		078A4201247E129100228AA3 /* Result.swift */ = {isa = PBXFileReference; lastKnownFileType = sourcecode.swift; path = Result.swift; sourceTree = "<group>"; };
		078A4203247E129E00228AA3 /* Comics.swift */ = {isa = PBXFileReference; lastKnownFileType = sourcecode.swift; path = Comics.swift; sourceTree = "<group>"; };
		078A4205247E12B100228AA3 /* ComicsItem.swift */ = {isa = PBXFileReference; lastKnownFileType = sourcecode.swift; path = ComicsItem.swift; sourceTree = "<group>"; };
		078A4207247E12C900228AA3 /* Stories.swift */ = {isa = PBXFileReference; lastKnownFileType = sourcecode.swift; path = Stories.swift; sourceTree = "<group>"; };
		078A4209247E12D700228AA3 /* StoriesItem.swift */ = {isa = PBXFileReference; lastKnownFileType = sourcecode.swift; path = StoriesItem.swift; sourceTree = "<group>"; };
		078A420B247E12E100228AA3 /* Thumbnail.swift */ = {isa = PBXFileReference; lastKnownFileType = sourcecode.swift; path = Thumbnail.swift; sourceTree = "<group>"; };
		078A420D247E12F000228AA3 /* URLElement.swift */ = {isa = PBXFileReference; lastKnownFileType = sourcecode.swift; path = URLElement.swift; sourceTree = "<group>"; };
		0AD4333931350BBEF514A5A8 /* Pods_desafio_ios_fellipe_bravoTests.framework */ = {isa = PBXFileReference; explicitFileType = wrapper.framework; includeInIndex = 0; path = Pods_desafio_ios_fellipe_bravoTests.framework; sourceTree = BUILT_PRODUCTS_DIR; };
		2724B1551BF64A7D389F9C2B /* Pods-desafio-ios-fellipe-bravo-desafio-ios-fellipe-bravoUITests.debug.xcconfig */ = {isa = PBXFileReference; includeInIndex = 1; lastKnownFileType = text.xcconfig; name = "Pods-desafio-ios-fellipe-bravo-desafio-ios-fellipe-bravoUITests.debug.xcconfig"; path = "Target Support Files/Pods-desafio-ios-fellipe-bravo-desafio-ios-fellipe-bravoUITests/Pods-desafio-ios-fellipe-bravo-desafio-ios-fellipe-bravoUITests.debug.xcconfig"; sourceTree = "<group>"; };
		4E24645D2F52957A55018955 /* Pods-desafio-ios-fellipe-bravo-desafio-ios-fellipe-bravoUITests.release.xcconfig */ = {isa = PBXFileReference; includeInIndex = 1; lastKnownFileType = text.xcconfig; name = "Pods-desafio-ios-fellipe-bravo-desafio-ios-fellipe-bravoUITests.release.xcconfig"; path = "Target Support Files/Pods-desafio-ios-fellipe-bravo-desafio-ios-fellipe-bravoUITests/Pods-desafio-ios-fellipe-bravo-desafio-ios-fellipe-bravoUITests.release.xcconfig"; sourceTree = "<group>"; };
		75EFDBA4322AE3842262E974 /* Pods-desafio-ios-fellipe-bravoTests.release.xcconfig */ = {isa = PBXFileReference; includeInIndex = 1; lastKnownFileType = text.xcconfig; name = "Pods-desafio-ios-fellipe-bravoTests.release.xcconfig"; path = "Target Support Files/Pods-desafio-ios-fellipe-bravoTests/Pods-desafio-ios-fellipe-bravoTests.release.xcconfig"; sourceTree = "<group>"; };
		7F28798F1B6989D51089EE3E /* Pods-desafio-ios-fellipe-bravo.release.xcconfig */ = {isa = PBXFileReference; includeInIndex = 1; lastKnownFileType = text.xcconfig; name = "Pods-desafio-ios-fellipe-bravo.release.xcconfig"; path = "Target Support Files/Pods-desafio-ios-fellipe-bravo/Pods-desafio-ios-fellipe-bravo.release.xcconfig"; sourceTree = "<group>"; };
		AD28D850F15BA9F5024ED26D /* Pods-desafio-ios-fellipe-bravoTests.debug.xcconfig */ = {isa = PBXFileReference; includeInIndex = 1; lastKnownFileType = text.xcconfig; name = "Pods-desafio-ios-fellipe-bravoTests.debug.xcconfig"; path = "Target Support Files/Pods-desafio-ios-fellipe-bravoTests/Pods-desafio-ios-fellipe-bravoTests.debug.xcconfig"; sourceTree = "<group>"; };
		B5CF837D589D9E568978BD99 /* Pods_desafio_ios_fellipe_bravo.framework */ = {isa = PBXFileReference; explicitFileType = wrapper.framework; includeInIndex = 0; path = Pods_desafio_ios_fellipe_bravo.framework; sourceTree = BUILT_PRODUCTS_DIR; };
		D32CDC77F9314B3151CFEE53 /* Pods-desafio-ios-fellipe-bravo.debug.xcconfig */ = {isa = PBXFileReference; includeInIndex = 1; lastKnownFileType = text.xcconfig; name = "Pods-desafio-ios-fellipe-bravo.debug.xcconfig"; path = "Target Support Files/Pods-desafio-ios-fellipe-bravo/Pods-desafio-ios-fellipe-bravo.debug.xcconfig"; sourceTree = "<group>"; };
/* End PBXFileReference section */

/* Begin PBXFrameworksBuildPhase section */
		07830BD1247AE7C0002A8FC6 /* Frameworks */ = {
			isa = PBXFrameworksBuildPhase;
			buildActionMask = 2147483647;
			files = (
				6C76828A9CCCB5D329309D01 /* Pods_desafio_ios_fellipe_bravo.framework in Frameworks */,
			);
			runOnlyForDeploymentPostprocessing = 0;
		};
		07830BEA247AE7C5002A8FC6 /* Frameworks */ = {
			isa = PBXFrameworksBuildPhase;
			buildActionMask = 2147483647;
			files = (
				E33523CAC72878BAE61933E5 /* Pods_desafio_ios_fellipe_bravoTests.framework in Frameworks */,
			);
			runOnlyForDeploymentPostprocessing = 0;
		};
		07830BF5247AE7C5002A8FC6 /* Frameworks */ = {
			isa = PBXFrameworksBuildPhase;
			buildActionMask = 2147483647;
			files = (
				02E77B11319048988CBE06A9 /* Pods_desafio_ios_fellipe_bravo_desafio_ios_fellipe_bravoUITests.framework in Frameworks */,
			);
			runOnlyForDeploymentPostprocessing = 0;
		};
/* End PBXFrameworksBuildPhase section */

/* Begin PBXGroup section */
		0751DD2B247DDF91006A1018 /* hero-detail */ = {
			isa = PBXGroup;
			children = (
				0751DD2D247DECB4006A1018 /* view */,
				0751DD2E247DECBD006A1018 /* interactor */,
				0751DD2F247DECC3006A1018 /* presenter */,
				0751DD30247DECCA006A1018 /* entity */,
				0751DD31247DECD0006A1018 /* router */,
			);
			path = "hero-detail";
			sourceTree = "<group>";
		};
		0751DD2C247DDFAC006A1018 /* most-expensive-hq */ = {
			isa = PBXGroup;
			children = (
				0751DD32247DECDD006A1018 /* view */,
				0751DD33247DECE2006A1018 /* interactor */,
				0751DD34247DECE8006A1018 /* presenter */,
				0751DD35247DECF0006A1018 /* entity */,
				0751DD36247DED04006A1018 /* router */,
				0751DD37247DED75006A1018 /* MostExpensiveHqProtocols.swift */,
				0751DD39247DEDB7006A1018 /* MostExpensiveHqFeature.swift */,
			);
			path = "most-expensive-hq";
			sourceTree = "<group>";
		};
		0751DD2D247DECB4006A1018 /* view */ = {
			isa = PBXGroup;
			children = (
			);
			path = view;
			sourceTree = "<group>";
		};
		0751DD2E247DECBD006A1018 /* interactor */ = {
			isa = PBXGroup;
			children = (
			);
			path = interactor;
			sourceTree = "<group>";
		};
		0751DD2F247DECC3006A1018 /* presenter */ = {
			isa = PBXGroup;
			children = (
			);
			path = presenter;
			sourceTree = "<group>";
		};
		0751DD30247DECCA006A1018 /* entity */ = {
			isa = PBXGroup;
			children = (
			);
			path = entity;
			sourceTree = "<group>";
		};
		0751DD31247DECD0006A1018 /* router */ = {
			isa = PBXGroup;
			children = (
			);
			path = router;
			sourceTree = "<group>";
		};
		0751DD32247DECDD006A1018 /* view */ = {
			isa = PBXGroup;
			children = (
				078A41F7247DF2BC00228AA3 /* MostExpensiveHqViewController.swift */,
				078A41F9247DF2DE00228AA3 /* MostExpensiveHq.storyboard */,
			);
			path = view;
			sourceTree = "<group>";
		};
		0751DD33247DECE2006A1018 /* interactor */ = {
			isa = PBXGroup;
			children = (
				078A41EE247DF19B00228AA3 /* repository */,
				078A41EF247DF1BD00228AA3 /* MostExpensiveHqInteractor.swift */,
			);
			path = interactor;
			sourceTree = "<group>";
		};
		0751DD34247DECE8006A1018 /* presenter */ = {
			isa = PBXGroup;
			children = (
				078A41EC247DF15E00228AA3 /* MostExpensiveHqPresenter.swift */,
			);
			path = presenter;
			sourceTree = "<group>";
		};
		0751DD35247DECF0006A1018 /* entity */ = {
			isa = PBXGroup;
			children = (
			);
			path = entity;
			sourceTree = "<group>";
		};
		0751DD36247DED04006A1018 /* router */ = {
			isa = PBXGroup;
			children = (
				078A41EA247DF00000228AA3 /* MostExpensiveHqRouter.swift */,
			);
			path = router;
			sourceTree = "<group>";
		};
		07830BCB247AE7C0002A8FC6 = {
			isa = PBXGroup;
			children = (
				07830BD6247AE7C0002A8FC6 /* desafio-ios-fellipe-bravo */,
				07830BF0247AE7C5002A8FC6 /* desafio-ios-fellipe-bravoTests */,
				07830BFB247AE7C5002A8FC6 /* desafio-ios-fellipe-bravoUITests */,
				07830BD5247AE7C0002A8FC6 /* Products */,
				CFEF416463A94B771A054C08 /* Pods */,
				955D73AD340357B5D54C38AB /* Frameworks */,
			);
			sourceTree = "<group>";
		};
		07830BD5247AE7C0002A8FC6 /* Products */ = {
			isa = PBXGroup;
			children = (
				07830BD4247AE7C0002A8FC6 /* desafio-ios-fellipe-bravo.app */,
				07830BED247AE7C5002A8FC6 /* desafio-ios-fellipe-bravoTests.xctest */,
				07830BF8247AE7C5002A8FC6 /* desafio-ios-fellipe-bravoUITests.xctest */,
			);
			name = Products;
			sourceTree = "<group>";
		};
		07830BD6247AE7C0002A8FC6 /* desafio-ios-fellipe-bravo */ = {
			isa = PBXGroup;
			children = (
				07830C0A247AFD97002A8FC6 /* assets */,
				07830C0D247B080F002A8FC6 /* core */,
				07830C0E247B0852002A8FC6 /* features */,
				07830C60247B2504002A8FC6 /* managers */,
			);
			path = "desafio-ios-fellipe-bravo";
			sourceTree = "<group>";
		};
		07830BF0247AE7C5002A8FC6 /* desafio-ios-fellipe-bravoTests */ = {
			isa = PBXGroup;
			children = (
				07830BF1247AE7C5002A8FC6 /* desafio_ios_fellipe_bravoTests.swift */,
				07830BF3247AE7C5002A8FC6 /* Info.plist */,
			);
			path = "desafio-ios-fellipe-bravoTests";
			sourceTree = "<group>";
		};
		07830BFB247AE7C5002A8FC6 /* desafio-ios-fellipe-bravoUITests */ = {
			isa = PBXGroup;
			children = (
				07830BFC247AE7C5002A8FC6 /* desafio_ios_fellipe_bravoUITests.swift */,
				07830BFE247AE7C5002A8FC6 /* Info.plist */,
			);
			path = "desafio-ios-fellipe-bravoUITests";
			sourceTree = "<group>";
		};
		07830C0A247AFD97002A8FC6 /* assets */ = {
			isa = PBXGroup;
			children = (
				07830BE3247AE7C5002A8FC6 /* Assets.xcassets */,
				07830C0B247AFDB4002A8FC6 /* Colors.swift */,
			);
			path = assets;
			sourceTree = "<group>";
		};
		07830C0D247B080F002A8FC6 /* core */ = {
			isa = PBXGroup;
			children = (
				07830C31247B1180002A8FC6 /* viper */,
				07830BD7247AE7C0002A8FC6 /* AppDelegate.swift */,
				07830BD9247AE7C0002A8FC6 /* SceneDelegate.swift */,
				07830BE8247AE7C5002A8FC6 /* Info.plist */,
				07830BE0247AE7C0002A8FC6 /* desafio_ios_fellipe_bravo.xcdatamodeld */,
			);
			path = core;
			sourceTree = "<group>";
		};
		07830C0E247B0852002A8FC6 /* features */ = {
			isa = PBXGroup;
			children = (
				07830C10247B086C002A8FC6 /* splashscreen */,
				0751DD2B247DDF91006A1018 /* hero-detail */,
				07830C0F247B0866002A8FC6 /* heroes-list */,
				0751DD2C247DDFAC006A1018 /* most-expensive-hq */,
			);
			path = features;
			sourceTree = "<group>";
		};
		07830C0F247B0866002A8FC6 /* heroes-list */ = {
			isa = PBXGroup;
			children = (
				07830C11247B096C002A8FC6 /* view */,
				07830C28247B0FA4002A8FC6 /* interactor */,
				07830C13247B0991002A8FC6 /* presenter */,
				07830C29247B0FBF002A8FC6 /* entity */,
				07830C12247B098B002A8FC6 /* router */,
				07830C5A247B213F002A8FC6 /* HeroesListProtocols.swift */,
				07830C5C247B22D8002A8FC6 /* HeroesListFeature.swift */,
			);
			path = "heroes-list";
			sourceTree = "<group>";
		};
		07830C10247B086C002A8FC6 /* splashscreen */ = {
			isa = PBXGroup;
			children = (
				07830BE5247AE7C5002A8FC6 /* LaunchScreen.storyboard */,
			);
			path = splashscreen;
			sourceTree = "<group>";
		};
		07830C11247B096C002A8FC6 /* view */ = {
			isa = PBXGroup;
			children = (
				07830BDB247AE7C0002A8FC6 /* HeroesListViewController.swift */,
				07830BDD247AE7C0002A8FC6 /* HeroesList.storyboard */,
				078A41FB247E055100228AA3 /* HeroViewCell.swift */,
			);
			path = view;
			sourceTree = "<group>";
		};
		07830C12247B098B002A8FC6 /* router */ = {
			isa = PBXGroup;
			children = (
				07830C3A247B1297002A8FC6 /* HeroesListRouter.swift */,
			);
			path = router;
			sourceTree = "<group>";
		};
		07830C13247B0991002A8FC6 /* presenter */ = {
			isa = PBXGroup;
			children = (
				07830C38247B1264002A8FC6 /* HeroesListPresenter.swift */,
			);
			path = presenter;
			sourceTree = "<group>";
		};
		07830C28247B0FA4002A8FC6 /* interactor */ = {
			isa = PBXGroup;
			children = (
				07830C53247B1C3D002A8FC6 /* repository */,
				07830C2D247B1121002A8FC6 /* HeroesListInteractor.swift */,
			);
			path = interactor;
			sourceTree = "<group>";
		};
		07830C29247B0FBF002A8FC6 /* entity */ = {
			isa = PBXGroup;
			children = (
				078A41FD247E11CB00228AA3 /* MarvelHero.swift */,
				078A41FF247E127800228AA3 /* DataClass.swift */,
				078A4201247E129100228AA3 /* Result.swift */,
				078A4203247E129E00228AA3 /* Comics.swift */,
				078A4205247E12B100228AA3 /* ComicsItem.swift */,
				078A4207247E12C900228AA3 /* Stories.swift */,
				078A4209247E12D700228AA3 /* StoriesItem.swift */,
				078A420B247E12E100228AA3 /* Thumbnail.swift */,
				078A420D247E12F000228AA3 /* URLElement.swift */,
			);
			path = entity;
			sourceTree = "<group>";
		};
		07830C31247B1180002A8FC6 /* viper */ = {
			isa = PBXGroup;
			children = (
				07830C76247B32F4002A8FC6 /* BaseViewController.swift */,
				07830C3E247B18ED002A8FC6 /* BaseRouter.swift */,
			);
			path = viper;
			sourceTree = "<group>";
		};
		07830C53247B1C3D002A8FC6 /* repository */ = {
			isa = PBXGroup;
			children = (
				07830C5E247B2488002A8FC6 /* HeroesListRepository.swift */,
				07830C54247B1ED4002A8FC6 /* HeroesListLocalDataManager.swift */,
				07830C56247B1EF3002A8FC6 /* HeroesListRemoteDataManager.swift */,
			);
			path = repository;
			sourceTree = "<group>";
		};
		07830C60247B2504002A8FC6 /* managers */ = {
			isa = PBXGroup;
			children = (
			);
			path = managers;
			sourceTree = "<group>";
		};
		078A41EE247DF19B00228AA3 /* repository */ = {
			isa = PBXGroup;
			children = (
				078A41F1247DF1E400228AA3 /* MostExpensiveHqRepository.swift */,
				078A41F3247DF21B00228AA3 /* MostExpensiveHqRemoteDataManager.swift */,
				078A41F5247DF27800228AA3 /* MostExpensiveHqLocalDataManager.swift */,
			);
			path = repository;
			sourceTree = "<group>";
		};
		955D73AD340357B5D54C38AB /* Frameworks */ = {
			isa = PBXGroup;
			children = (
				B5CF837D589D9E568978BD99 /* Pods_desafio_ios_fellipe_bravo.framework */,
				0321B7BD6EC5AE3AE7A7108B /* Pods_desafio_ios_fellipe_bravo_desafio_ios_fellipe_bravoUITests.framework */,
				0AD4333931350BBEF514A5A8 /* Pods_desafio_ios_fellipe_bravoTests.framework */,
			);
			name = Frameworks;
			sourceTree = "<group>";
		};
		CFEF416463A94B771A054C08 /* Pods */ = {
			isa = PBXGroup;
			children = (
				D32CDC77F9314B3151CFEE53 /* Pods-desafio-ios-fellipe-bravo.debug.xcconfig */,
				7F28798F1B6989D51089EE3E /* Pods-desafio-ios-fellipe-bravo.release.xcconfig */,
				2724B1551BF64A7D389F9C2B /* Pods-desafio-ios-fellipe-bravo-desafio-ios-fellipe-bravoUITests.debug.xcconfig */,
				4E24645D2F52957A55018955 /* Pods-desafio-ios-fellipe-bravo-desafio-ios-fellipe-bravoUITests.release.xcconfig */,
				AD28D850F15BA9F5024ED26D /* Pods-desafio-ios-fellipe-bravoTests.debug.xcconfig */,
				75EFDBA4322AE3842262E974 /* Pods-desafio-ios-fellipe-bravoTests.release.xcconfig */,
			);
			path = Pods;
			sourceTree = "<group>";
		};
/* End PBXGroup section */

/* Begin PBXNativeTarget section */
		07830BD3247AE7C0002A8FC6 /* desafio-ios-fellipe-bravo */ = {
			isa = PBXNativeTarget;
			buildConfigurationList = 07830C01247AE7C5002A8FC6 /* Build configuration list for PBXNativeTarget "desafio-ios-fellipe-bravo" */;
			buildPhases = (
				09F6B6C9E2BC55DF5336E034 /* [CP] Check Pods Manifest.lock */,
				07830BD0247AE7C0002A8FC6 /* Sources */,
				07830BD1247AE7C0002A8FC6 /* Frameworks */,
				07830BD2247AE7C0002A8FC6 /* Resources */,
			);
			buildRules = (
			);
			dependencies = (
			);
			name = "desafio-ios-fellipe-bravo";
			productName = "desafio-ios-fellipe-bravo";
			productReference = 07830BD4247AE7C0002A8FC6 /* desafio-ios-fellipe-bravo.app */;
			productType = "com.apple.product-type.application";
		};
		07830BEC247AE7C5002A8FC6 /* desafio-ios-fellipe-bravoTests */ = {
			isa = PBXNativeTarget;
			buildConfigurationList = 07830C04247AE7C5002A8FC6 /* Build configuration list for PBXNativeTarget "desafio-ios-fellipe-bravoTests" */;
			buildPhases = (
				1656077B431A5CFC8793DEBA /* [CP] Check Pods Manifest.lock */,
				07830BE9247AE7C5002A8FC6 /* Sources */,
				07830BEA247AE7C5002A8FC6 /* Frameworks */,
				07830BEB247AE7C5002A8FC6 /* Resources */,
			);
			buildRules = (
			);
			dependencies = (
				07830BEF247AE7C5002A8FC6 /* PBXTargetDependency */,
			);
			name = "desafio-ios-fellipe-bravoTests";
			productName = "desafio-ios-fellipe-bravoTests";
			productReference = 07830BED247AE7C5002A8FC6 /* desafio-ios-fellipe-bravoTests.xctest */;
			productType = "com.apple.product-type.bundle.unit-test";
		};
		07830BF7247AE7C5002A8FC6 /* desafio-ios-fellipe-bravoUITests */ = {
			isa = PBXNativeTarget;
			buildConfigurationList = 07830C07247AE7C5002A8FC6 /* Build configuration list for PBXNativeTarget "desafio-ios-fellipe-bravoUITests" */;
			buildPhases = (
				21545C19851EE9C6078B55C0 /* [CP] Check Pods Manifest.lock */,
				07830BF4247AE7C5002A8FC6 /* Sources */,
				07830BF5247AE7C5002A8FC6 /* Frameworks */,
				07830BF6247AE7C5002A8FC6 /* Resources */,
			);
			buildRules = (
			);
			dependencies = (
				07830BFA247AE7C5002A8FC6 /* PBXTargetDependency */,
			);
			name = "desafio-ios-fellipe-bravoUITests";
			productName = "desafio-ios-fellipe-bravoUITests";
			productReference = 07830BF8247AE7C5002A8FC6 /* desafio-ios-fellipe-bravoUITests.xctest */;
			productType = "com.apple.product-type.bundle.ui-testing";
		};
/* End PBXNativeTarget section */

/* Begin PBXProject section */
		07830BCC247AE7C0002A8FC6 /* Project object */ = {
			isa = PBXProject;
			attributes = {
				LastSwiftUpdateCheck = 1150;
				LastUpgradeCheck = 1150;
				ORGANIZATIONNAME = "Fellipe Bravo";
				TargetAttributes = {
					07830BD3247AE7C0002A8FC6 = {
						CreatedOnToolsVersion = 11.5;
					};
					07830BEC247AE7C5002A8FC6 = {
						CreatedOnToolsVersion = 11.5;
						TestTargetID = 07830BD3247AE7C0002A8FC6;
					};
					07830BF7247AE7C5002A8FC6 = {
						CreatedOnToolsVersion = 11.5;
						TestTargetID = 07830BD3247AE7C0002A8FC6;
					};
				};
			};
			buildConfigurationList = 07830BCF247AE7C0002A8FC6 /* Build configuration list for PBXProject "desafio-ios-fellipe-bravo" */;
			compatibilityVersion = "Xcode 9.3";
			developmentRegion = en;
			hasScannedForEncodings = 0;
			knownRegions = (
				en,
				Base,
			);
			mainGroup = 07830BCB247AE7C0002A8FC6;
			productRefGroup = 07830BD5247AE7C0002A8FC6 /* Products */;
			projectDirPath = "";
			projectRoot = "";
			targets = (
				07830BD3247AE7C0002A8FC6 /* desafio-ios-fellipe-bravo */,
				07830BEC247AE7C5002A8FC6 /* desafio-ios-fellipe-bravoTests */,
				07830BF7247AE7C5002A8FC6 /* desafio-ios-fellipe-bravoUITests */,
			);
		};
/* End PBXProject section */

/* Begin PBXResourcesBuildPhase section */
		07830BD2247AE7C0002A8FC6 /* Resources */ = {
			isa = PBXResourcesBuildPhase;
			buildActionMask = 2147483647;
			files = (
				078A41FA247DF2DE00228AA3 /* MostExpensiveHq.storyboard in Resources */,
				07830BE7247AE7C5002A8FC6 /* LaunchScreen.storyboard in Resources */,
				07830BE4247AE7C5002A8FC6 /* Assets.xcassets in Resources */,
				07830BDF247AE7C0002A8FC6 /* HeroesList.storyboard in Resources */,
			);
			runOnlyForDeploymentPostprocessing = 0;
		};
		07830BEB247AE7C5002A8FC6 /* Resources */ = {
			isa = PBXResourcesBuildPhase;
			buildActionMask = 2147483647;
			files = (
			);
			runOnlyForDeploymentPostprocessing = 0;
		};
		07830BF6247AE7C5002A8FC6 /* Resources */ = {
			isa = PBXResourcesBuildPhase;
			buildActionMask = 2147483647;
			files = (
			);
			runOnlyForDeploymentPostprocessing = 0;
		};
/* End PBXResourcesBuildPhase section */

/* Begin PBXShellScriptBuildPhase section */
		09F6B6C9E2BC55DF5336E034 /* [CP] Check Pods Manifest.lock */ = {
			isa = PBXShellScriptBuildPhase;
			buildActionMask = 2147483647;
			files = (
			);
			inputFileListPaths = (
			);
			inputPaths = (
				"${PODS_PODFILE_DIR_PATH}/Podfile.lock",
				"${PODS_ROOT}/Manifest.lock",
			);
			name = "[CP] Check Pods Manifest.lock";
			outputFileListPaths = (
			);
			outputPaths = (
				"$(DERIVED_FILE_DIR)/Pods-desafio-ios-fellipe-bravo-checkManifestLockResult.txt",
			);
			runOnlyForDeploymentPostprocessing = 0;
			shellPath = /bin/sh;
			shellScript = "diff \"${PODS_PODFILE_DIR_PATH}/Podfile.lock\" \"${PODS_ROOT}/Manifest.lock\" > /dev/null\nif [ $? != 0 ] ; then\n    # print error to STDERR\n    echo \"error: The sandbox is not in sync with the Podfile.lock. Run 'pod install' or update your CocoaPods installation.\" >&2\n    exit 1\nfi\n# This output is used by Xcode 'outputs' to avoid re-running this script phase.\necho \"SUCCESS\" > \"${SCRIPT_OUTPUT_FILE_0}\"\n";
			showEnvVarsInLog = 0;
		};
		1656077B431A5CFC8793DEBA /* [CP] Check Pods Manifest.lock */ = {
			isa = PBXShellScriptBuildPhase;
			buildActionMask = 2147483647;
			files = (
			);
			inputFileListPaths = (
			);
			inputPaths = (
				"${PODS_PODFILE_DIR_PATH}/Podfile.lock",
				"${PODS_ROOT}/Manifest.lock",
			);
			name = "[CP] Check Pods Manifest.lock";
			outputFileListPaths = (
			);
			outputPaths = (
				"$(DERIVED_FILE_DIR)/Pods-desafio-ios-fellipe-bravoTests-checkManifestLockResult.txt",
			);
			runOnlyForDeploymentPostprocessing = 0;
			shellPath = /bin/sh;
			shellScript = "diff \"${PODS_PODFILE_DIR_PATH}/Podfile.lock\" \"${PODS_ROOT}/Manifest.lock\" > /dev/null\nif [ $? != 0 ] ; then\n    # print error to STDERR\n    echo \"error: The sandbox is not in sync with the Podfile.lock. Run 'pod install' or update your CocoaPods installation.\" >&2\n    exit 1\nfi\n# This output is used by Xcode 'outputs' to avoid re-running this script phase.\necho \"SUCCESS\" > \"${SCRIPT_OUTPUT_FILE_0}\"\n";
			showEnvVarsInLog = 0;
		};
		21545C19851EE9C6078B55C0 /* [CP] Check Pods Manifest.lock */ = {
			isa = PBXShellScriptBuildPhase;
			buildActionMask = 2147483647;
			files = (
			);
			inputFileListPaths = (
			);
			inputPaths = (
				"${PODS_PODFILE_DIR_PATH}/Podfile.lock",
				"${PODS_ROOT}/Manifest.lock",
			);
			name = "[CP] Check Pods Manifest.lock";
			outputFileListPaths = (
			);
			outputPaths = (
				"$(DERIVED_FILE_DIR)/Pods-desafio-ios-fellipe-bravo-desafio-ios-fellipe-bravoUITests-checkManifestLockResult.txt",
			);
			runOnlyForDeploymentPostprocessing = 0;
			shellPath = /bin/sh;
			shellScript = "diff \"${PODS_PODFILE_DIR_PATH}/Podfile.lock\" \"${PODS_ROOT}/Manifest.lock\" > /dev/null\nif [ $? != 0 ] ; then\n    # print error to STDERR\n    echo \"error: The sandbox is not in sync with the Podfile.lock. Run 'pod install' or update your CocoaPods installation.\" >&2\n    exit 1\nfi\n# This output is used by Xcode 'outputs' to avoid re-running this script phase.\necho \"SUCCESS\" > \"${SCRIPT_OUTPUT_FILE_0}\"\n";
			showEnvVarsInLog = 0;
		};
/* End PBXShellScriptBuildPhase section */

/* Begin PBXSourcesBuildPhase section */
		07830BD0247AE7C0002A8FC6 /* Sources */ = {
			isa = PBXSourcesBuildPhase;
			buildActionMask = 2147483647;
			files = (
				0751DD3A247DEDB7006A1018 /* MostExpensiveHqFeature.swift in Sources */,
				078A4204247E129E00228AA3 /* Comics.swift in Sources */,
				078A41F4247DF21B00228AA3 /* MostExpensiveHqRemoteDataManager.swift in Sources */,
				07830C3B247B1297002A8FC6 /* HeroesListRouter.swift in Sources */,
				078A420A247E12D700228AA3 /* StoriesItem.swift in Sources */,
				078A41EB247DF00000228AA3 /* MostExpensiveHqRouter.swift in Sources */,
				0751DD38247DED75006A1018 /* MostExpensiveHqProtocols.swift in Sources */,
				078A41F0247DF1BD00228AA3 /* MostExpensiveHqInteractor.swift in Sources */,
				078A41F2247DF1E400228AA3 /* MostExpensiveHqRepository.swift in Sources */,
				07830C5D247B22D8002A8FC6 /* HeroesListFeature.swift in Sources */,
				07830BE2247AE7C0002A8FC6 /* desafio_ios_fellipe_bravo.xcdatamodeld in Sources */,
				07830C39247B1264002A8FC6 /* HeroesListPresenter.swift in Sources */,
				07830C77247B32F4002A8FC6 /* BaseViewController.swift in Sources */,
				078A41FE247E11CB00228AA3 /* MarvelHero.swift in Sources */,
				07830C0C247AFDB4002A8FC6 /* Colors.swift in Sources */,
				07830C2E247B1121002A8FC6 /* HeroesListInteractor.swift in Sources */,
				07830C55247B1ED4002A8FC6 /* HeroesListLocalDataManager.swift in Sources */,
				078A4200247E127800228AA3 /* DataClass.swift in Sources */,
				07830C3F247B18ED002A8FC6 /* BaseRouter.swift in Sources */,
				078A4206247E12B100228AA3 /* ComicsItem.swift in Sources */,
				07830BDC247AE7C0002A8FC6 /* HeroesListViewController.swift in Sources */,
				078A4202247E129100228AA3 /* Result.swift in Sources */,
				078A41F8247DF2BC00228AA3 /* MostExpensiveHqViewController.swift in Sources */,
				078A41ED247DF15E00228AA3 /* MostExpensiveHqPresenter.swift in Sources */,
				078A41F6247DF27800228AA3 /* MostExpensiveHqLocalDataManager.swift in Sources */,
				078A41FC247E055100228AA3 /* HeroViewCell.swift in Sources */,
				078A420E247E12F000228AA3 /* URLElement.swift in Sources */,
				07830C5F247B2488002A8FC6 /* HeroesListRepository.swift in Sources */,
				07830C5B247B213F002A8FC6 /* HeroesListProtocols.swift in Sources */,
				07830C57247B1EF3002A8FC6 /* HeroesListRemoteDataManager.swift in Sources */,
				07830BD8247AE7C0002A8FC6 /* AppDelegate.swift in Sources */,
				078A4208247E12C900228AA3 /* Stories.swift in Sources */,
				07830BDA247AE7C0002A8FC6 /* SceneDelegate.swift in Sources */,
				078A420C247E12E100228AA3 /* Thumbnail.swift in Sources */,
			);
			runOnlyForDeploymentPostprocessing = 0;
		};
		07830BE9247AE7C5002A8FC6 /* Sources */ = {
			isa = PBXSourcesBuildPhase;
			buildActionMask = 2147483647;
			files = (
				07830BF2247AE7C5002A8FC6 /* desafio_ios_fellipe_bravoTests.swift in Sources */,
			);
			runOnlyForDeploymentPostprocessing = 0;
		};
		07830BF4247AE7C5002A8FC6 /* Sources */ = {
			isa = PBXSourcesBuildPhase;
			buildActionMask = 2147483647;
			files = (
				07830BFD247AE7C5002A8FC6 /* desafio_ios_fellipe_bravoUITests.swift in Sources */,
			);
			runOnlyForDeploymentPostprocessing = 0;
		};
/* End PBXSourcesBuildPhase section */

/* Begin PBXTargetDependency section */
		07830BEF247AE7C5002A8FC6 /* PBXTargetDependency */ = {
			isa = PBXTargetDependency;
			target = 07830BD3247AE7C0002A8FC6 /* desafio-ios-fellipe-bravo */;
			targetProxy = 07830BEE247AE7C5002A8FC6 /* PBXContainerItemProxy */;
		};
		07830BFA247AE7C5002A8FC6 /* PBXTargetDependency */ = {
			isa = PBXTargetDependency;
			target = 07830BD3247AE7C0002A8FC6 /* desafio-ios-fellipe-bravo */;
			targetProxy = 07830BF9247AE7C5002A8FC6 /* PBXContainerItemProxy */;
		};
/* End PBXTargetDependency section */

/* Begin PBXVariantGroup section */
		07830BDD247AE7C0002A8FC6 /* HeroesList.storyboard */ = {
			isa = PBXVariantGroup;
			children = (
				07830BDE247AE7C0002A8FC6 /* Base */,
			);
			name = HeroesList.storyboard;
			sourceTree = "<group>";
		};
		07830BE5247AE7C5002A8FC6 /* LaunchScreen.storyboard */ = {
			isa = PBXVariantGroup;
			children = (
				07830BE6247AE7C5002A8FC6 /* Base */,
			);
			name = LaunchScreen.storyboard;
			sourceTree = "<group>";
		};
/* End PBXVariantGroup section */

/* Begin XCBuildConfiguration section */
		07830BFF247AE7C5002A8FC6 /* Debug */ = {
			isa = XCBuildConfiguration;
			buildSettings = {
				ALWAYS_SEARCH_USER_PATHS = NO;
				CLANG_ANALYZER_NONNULL = YES;
				CLANG_ANALYZER_NUMBER_OBJECT_CONVERSION = YES_AGGRESSIVE;
				CLANG_CXX_LANGUAGE_STANDARD = "gnu++14";
				CLANG_CXX_LIBRARY = "libc++";
				CLANG_ENABLE_MODULES = YES;
				CLANG_ENABLE_OBJC_ARC = YES;
				CLANG_ENABLE_OBJC_WEAK = YES;
				CLANG_WARN_BLOCK_CAPTURE_AUTORELEASING = YES;
				CLANG_WARN_BOOL_CONVERSION = YES;
				CLANG_WARN_COMMA = YES;
				CLANG_WARN_CONSTANT_CONVERSION = YES;
				CLANG_WARN_DEPRECATED_OBJC_IMPLEMENTATIONS = YES;
				CLANG_WARN_DIRECT_OBJC_ISA_USAGE = YES_ERROR;
				CLANG_WARN_DOCUMENTATION_COMMENTS = YES;
				CLANG_WARN_EMPTY_BODY = YES;
				CLANG_WARN_ENUM_CONVERSION = YES;
				CLANG_WARN_INFINITE_RECURSION = YES;
				CLANG_WARN_INT_CONVERSION = YES;
				CLANG_WARN_NON_LITERAL_NULL_CONVERSION = YES;
				CLANG_WARN_OBJC_IMPLICIT_RETAIN_SELF = YES;
				CLANG_WARN_OBJC_LITERAL_CONVERSION = YES;
				CLANG_WARN_OBJC_ROOT_CLASS = YES_ERROR;
				CLANG_WARN_RANGE_LOOP_ANALYSIS = YES;
				CLANG_WARN_STRICT_PROTOTYPES = YES;
				CLANG_WARN_SUSPICIOUS_MOVE = YES;
				CLANG_WARN_UNGUARDED_AVAILABILITY = YES_AGGRESSIVE;
				CLANG_WARN_UNREACHABLE_CODE = YES;
				CLANG_WARN__DUPLICATE_METHOD_MATCH = YES;
				COPY_PHASE_STRIP = NO;
				DEBUG_INFORMATION_FORMAT = dwarf;
				ENABLE_STRICT_OBJC_MSGSEND = YES;
				ENABLE_TESTABILITY = YES;
				GCC_C_LANGUAGE_STANDARD = gnu11;
				GCC_DYNAMIC_NO_PIC = NO;
				GCC_NO_COMMON_BLOCKS = YES;
				GCC_OPTIMIZATION_LEVEL = 0;
				GCC_PREPROCESSOR_DEFINITIONS = (
					"DEBUG=1",
					"$(inherited)",
				);
				GCC_WARN_64_TO_32_BIT_CONVERSION = YES;
				GCC_WARN_ABOUT_RETURN_TYPE = YES_ERROR;
				GCC_WARN_UNDECLARED_SELECTOR = YES;
				GCC_WARN_UNINITIALIZED_AUTOS = YES_AGGRESSIVE;
				GCC_WARN_UNUSED_FUNCTION = YES;
				GCC_WARN_UNUSED_VARIABLE = YES;
				IPHONEOS_DEPLOYMENT_TARGET = 13.5;
				MTL_ENABLE_DEBUG_INFO = INCLUDE_SOURCE;
				MTL_FAST_MATH = YES;
				ONLY_ACTIVE_ARCH = YES;
				SDKROOT = iphoneos;
				SWIFT_ACTIVE_COMPILATION_CONDITIONS = DEBUG;
				SWIFT_OPTIMIZATION_LEVEL = "-Onone";
			};
			name = Debug;
		};
		07830C00247AE7C5002A8FC6 /* Release */ = {
			isa = XCBuildConfiguration;
			buildSettings = {
				ALWAYS_SEARCH_USER_PATHS = NO;
				CLANG_ANALYZER_NONNULL = YES;
				CLANG_ANALYZER_NUMBER_OBJECT_CONVERSION = YES_AGGRESSIVE;
				CLANG_CXX_LANGUAGE_STANDARD = "gnu++14";
				CLANG_CXX_LIBRARY = "libc++";
				CLANG_ENABLE_MODULES = YES;
				CLANG_ENABLE_OBJC_ARC = YES;
				CLANG_ENABLE_OBJC_WEAK = YES;
				CLANG_WARN_BLOCK_CAPTURE_AUTORELEASING = YES;
				CLANG_WARN_BOOL_CONVERSION = YES;
				CLANG_WARN_COMMA = YES;
				CLANG_WARN_CONSTANT_CONVERSION = YES;
				CLANG_WARN_DEPRECATED_OBJC_IMPLEMENTATIONS = YES;
				CLANG_WARN_DIRECT_OBJC_ISA_USAGE = YES_ERROR;
				CLANG_WARN_DOCUMENTATION_COMMENTS = YES;
				CLANG_WARN_EMPTY_BODY = YES;
				CLANG_WARN_ENUM_CONVERSION = YES;
				CLANG_WARN_INFINITE_RECURSION = YES;
				CLANG_WARN_INT_CONVERSION = YES;
				CLANG_WARN_NON_LITERAL_NULL_CONVERSION = YES;
				CLANG_WARN_OBJC_IMPLICIT_RETAIN_SELF = YES;
				CLANG_WARN_OBJC_LITERAL_CONVERSION = YES;
				CLANG_WARN_OBJC_ROOT_CLASS = YES_ERROR;
				CLANG_WARN_RANGE_LOOP_ANALYSIS = YES;
				CLANG_WARN_STRICT_PROTOTYPES = YES;
				CLANG_WARN_SUSPICIOUS_MOVE = YES;
				CLANG_WARN_UNGUARDED_AVAILABILITY = YES_AGGRESSIVE;
				CLANG_WARN_UNREACHABLE_CODE = YES;
				CLANG_WARN__DUPLICATE_METHOD_MATCH = YES;
				COPY_PHASE_STRIP = NO;
				DEBUG_INFORMATION_FORMAT = "dwarf-with-dsym";
				ENABLE_NS_ASSERTIONS = NO;
				ENABLE_STRICT_OBJC_MSGSEND = YES;
				GCC_C_LANGUAGE_STANDARD = gnu11;
				GCC_NO_COMMON_BLOCKS = YES;
				GCC_WARN_64_TO_32_BIT_CONVERSION = YES;
				GCC_WARN_ABOUT_RETURN_TYPE = YES_ERROR;
				GCC_WARN_UNDECLARED_SELECTOR = YES;
				GCC_WARN_UNINITIALIZED_AUTOS = YES_AGGRESSIVE;
				GCC_WARN_UNUSED_FUNCTION = YES;
				GCC_WARN_UNUSED_VARIABLE = YES;
				IPHONEOS_DEPLOYMENT_TARGET = 13.5;
				MTL_ENABLE_DEBUG_INFO = NO;
				MTL_FAST_MATH = YES;
				SDKROOT = iphoneos;
				SWIFT_COMPILATION_MODE = wholemodule;
				SWIFT_OPTIMIZATION_LEVEL = "-O";
				VALIDATE_PRODUCT = YES;
			};
			name = Release;
		};
		07830C02247AE7C5002A8FC6 /* Debug */ = {
			isa = XCBuildConfiguration;
			baseConfigurationReference = D32CDC77F9314B3151CFEE53 /* Pods-desafio-ios-fellipe-bravo.debug.xcconfig */;
			buildSettings = {
				ASSETCATALOG_COMPILER_APPICON_NAME = AppIcon;
				CODE_SIGN_STYLE = Automatic;
				DEVELOPMENT_TEAM = 7G7LJ285MA;
				INFOPLIST_FILE = "desafio-ios-fellipe-bravo/core/Info.plist";
				IPHONEOS_DEPLOYMENT_TARGET = 10.0;
				LD_RUNPATH_SEARCH_PATHS = (
					"$(inherited)",
					"@executable_path/Frameworks",
				);
				MARKETING_VERSION = 0.0.0;
				PRODUCT_BUNDLE_IDENTIFIER = "com.accenture.desafio-ios-fellipe-bravo";
				PRODUCT_NAME = "$(TARGET_NAME)";
				SWIFT_VERSION = 5.0;
				TARGETED_DEVICE_FAMILY = "1,2";
			};
			name = Debug;
		};
		07830C03247AE7C5002A8FC6 /* Release */ = {
			isa = XCBuildConfiguration;
			baseConfigurationReference = 7F28798F1B6989D51089EE3E /* Pods-desafio-ios-fellipe-bravo.release.xcconfig */;
			buildSettings = {
				ASSETCATALOG_COMPILER_APPICON_NAME = AppIcon;
				CODE_SIGN_STYLE = Automatic;
				DEVELOPMENT_TEAM = 7G7LJ285MA;
				INFOPLIST_FILE = "desafio-ios-fellipe-bravo/core/Info.plist";
				IPHONEOS_DEPLOYMENT_TARGET = 10.0;
				LD_RUNPATH_SEARCH_PATHS = (
					"$(inherited)",
					"@executable_path/Frameworks",
				);
				MARKETING_VERSION = 0.0.0;
				PRODUCT_BUNDLE_IDENTIFIER = "com.accenture.desafio-ios-fellipe-bravo";
				PRODUCT_NAME = "$(TARGET_NAME)";
				SWIFT_VERSION = 5.0;
				TARGETED_DEVICE_FAMILY = "1,2";
			};
			name = Release;
		};
		07830C05247AE7C5002A8FC6 /* Debug */ = {
			isa = XCBuildConfiguration;
			baseConfigurationReference = AD28D850F15BA9F5024ED26D /* Pods-desafio-ios-fellipe-bravoTests.debug.xcconfig */;
			buildSettings = {
				ALWAYS_EMBED_SWIFT_STANDARD_LIBRARIES = YES;
				BUNDLE_LOADER = "$(TEST_HOST)";
				CODE_SIGN_STYLE = Automatic;
				DEVELOPMENT_TEAM = 7G7LJ285MA;
				INFOPLIST_FILE = "desafio-ios-fellipe-bravoTests/Info.plist";
				IPHONEOS_DEPLOYMENT_TARGET = 13.5;
				LD_RUNPATH_SEARCH_PATHS = (
					"$(inherited)",
					"@executable_path/Frameworks",
					"@loader_path/Frameworks",
				);
				PRODUCT_BUNDLE_IDENTIFIER = "com.accenture.desafio-ios-fellipe-bravoTests";
				PRODUCT_NAME = "$(TARGET_NAME)";
				SWIFT_VERSION = 5.0;
				TARGETED_DEVICE_FAMILY = "1,2";
				TEST_HOST = "$(BUILT_PRODUCTS_DIR)/desafio-ios-fellipe-bravo.app/desafio-ios-fellipe-bravo";
			};
			name = Debug;
		};
		07830C06247AE7C5002A8FC6 /* Release */ = {
			isa = XCBuildConfiguration;
			baseConfigurationReference = 75EFDBA4322AE3842262E974 /* Pods-desafio-ios-fellipe-bravoTests.release.xcconfig */;
			buildSettings = {
				ALWAYS_EMBED_SWIFT_STANDARD_LIBRARIES = YES;
				BUNDLE_LOADER = "$(TEST_HOST)";
				CODE_SIGN_STYLE = Automatic;
				DEVELOPMENT_TEAM = 7G7LJ285MA;
				INFOPLIST_FILE = "desafio-ios-fellipe-bravoTests/Info.plist";
				IPHONEOS_DEPLOYMENT_TARGET = 13.5;
				LD_RUNPATH_SEARCH_PATHS = (
					"$(inherited)",
					"@executable_path/Frameworks",
					"@loader_path/Frameworks",
				);
				PRODUCT_BUNDLE_IDENTIFIER = "com.accenture.desafio-ios-fellipe-bravoTests";
				PRODUCT_NAME = "$(TARGET_NAME)";
				SWIFT_VERSION = 5.0;
				TARGETED_DEVICE_FAMILY = "1,2";
				TEST_HOST = "$(BUILT_PRODUCTS_DIR)/desafio-ios-fellipe-bravo.app/desafio-ios-fellipe-bravo";
			};
			name = Release;
		};
		07830C08247AE7C5002A8FC6 /* Debug */ = {
			isa = XCBuildConfiguration;
			baseConfigurationReference = 2724B1551BF64A7D389F9C2B /* Pods-desafio-ios-fellipe-bravo-desafio-ios-fellipe-bravoUITests.debug.xcconfig */;
			buildSettings = {
				ALWAYS_EMBED_SWIFT_STANDARD_LIBRARIES = YES;
				CODE_SIGN_STYLE = Automatic;
				DEVELOPMENT_TEAM = 7G7LJ285MA;
				INFOPLIST_FILE = "desafio-ios-fellipe-bravoUITests/Info.plist";
				LD_RUNPATH_SEARCH_PATHS = (
					"$(inherited)",
					"@executable_path/Frameworks",
					"@loader_path/Frameworks",
				);
				PRODUCT_BUNDLE_IDENTIFIER = "com.accenture.desafio-ios-fellipe-bravoUITests";
				PRODUCT_NAME = "$(TARGET_NAME)";
				SWIFT_VERSION = 5.0;
				TARGETED_DEVICE_FAMILY = "1,2";
				TEST_TARGET_NAME = "desafio-ios-fellipe-bravo";
			};
			name = Debug;
		};
		07830C09247AE7C5002A8FC6 /* Release */ = {
			isa = XCBuildConfiguration;
			baseConfigurationReference = 4E24645D2F52957A55018955 /* Pods-desafio-ios-fellipe-bravo-desafio-ios-fellipe-bravoUITests.release.xcconfig */;
			buildSettings = {
				ALWAYS_EMBED_SWIFT_STANDARD_LIBRARIES = YES;
				CODE_SIGN_STYLE = Automatic;
				DEVELOPMENT_TEAM = 7G7LJ285MA;
				INFOPLIST_FILE = "desafio-ios-fellipe-bravoUITests/Info.plist";
				LD_RUNPATH_SEARCH_PATHS = (
					"$(inherited)",
					"@executable_path/Frameworks",
					"@loader_path/Frameworks",
				);
				PRODUCT_BUNDLE_IDENTIFIER = "com.accenture.desafio-ios-fellipe-bravoUITests";
				PRODUCT_NAME = "$(TARGET_NAME)";
				SWIFT_VERSION = 5.0;
				TARGETED_DEVICE_FAMILY = "1,2";
				TEST_TARGET_NAME = "desafio-ios-fellipe-bravo";
			};
			name = Release;
		};
/* End XCBuildConfiguration section */

/* Begin XCConfigurationList section */
		07830BCF247AE7C0002A8FC6 /* Build configuration list for PBXProject "desafio-ios-fellipe-bravo" */ = {
			isa = XCConfigurationList;
			buildConfigurations = (
				07830BFF247AE7C5002A8FC6 /* Debug */,
				07830C00247AE7C5002A8FC6 /* Release */,
			);
			defaultConfigurationIsVisible = 0;
			defaultConfigurationName = Release;
		};
		07830C01247AE7C5002A8FC6 /* Build configuration list for PBXNativeTarget "desafio-ios-fellipe-bravo" */ = {
			isa = XCConfigurationList;
			buildConfigurations = (
				07830C02247AE7C5002A8FC6 /* Debug */,
				07830C03247AE7C5002A8FC6 /* Release */,
			);
			defaultConfigurationIsVisible = 0;
			defaultConfigurationName = Release;
		};
		07830C04247AE7C5002A8FC6 /* Build configuration list for PBXNativeTarget "desafio-ios-fellipe-bravoTests" */ = {
			isa = XCConfigurationList;
			buildConfigurations = (
				07830C05247AE7C5002A8FC6 /* Debug */,
				07830C06247AE7C5002A8FC6 /* Release */,
			);
			defaultConfigurationIsVisible = 0;
			defaultConfigurationName = Release;
		};
		07830C07247AE7C5002A8FC6 /* Build configuration list for PBXNativeTarget "desafio-ios-fellipe-bravoUITests" */ = {
			isa = XCConfigurationList;
			buildConfigurations = (
				07830C08247AE7C5002A8FC6 /* Debug */,
				07830C09247AE7C5002A8FC6 /* Release */,
			);
			defaultConfigurationIsVisible = 0;
			defaultConfigurationName = Release;
		};
/* End XCConfigurationList section */

/* Begin XCVersionGroup section */
		07830BE0247AE7C0002A8FC6 /* desafio_ios_fellipe_bravo.xcdatamodeld */ = {
			isa = XCVersionGroup;
			children = (
				07830BE1247AE7C0002A8FC6 /* desafio_ios_fellipe_bravo.xcdatamodel */,
			);
			currentVersion = 07830BE1247AE7C0002A8FC6 /* desafio_ios_fellipe_bravo.xcdatamodel */;
			path = desafio_ios_fellipe_bravo.xcdatamodeld;
			sourceTree = "<group>";
			versionGroupType = wrapper.xcdatamodel;
		};
/* End XCVersionGroup section */
	};
	rootObject = 07830BCC247AE7C0002A8FC6 /* Project object */;
}
